
Microsoft Visual Studio Solution File, Format Version 12.00
# Visual Studio Version 17
VisualStudioVersion = 17.10.35027.167
MinimumVisualStudioVersion = 10.0.40219.1
Project("{FAE04EC0-301F-11D3-BF4B-00C04F79EFBC}") = "SupabaseArduinoDataDisplay", "SupabaseArduinoDataDisplay.csproj", "{37003B40-B113-4D9D-A648-8261B84012AB}"
EndProject
Global
	GlobalSection(SolutionConfigurationPlatforms) = preSolution
		Debug|Any CPU = Debug|Any CPU
		Release|Any CPU = Release|Any CPU
	EndGlobalSection
	GlobalSection(ProjectConfigurationPlatforms) = postSolution
		{37003B40-B113-4D9D-A648-8261B84012AB}.Debug|Any CPU.ActiveCfg = Debug|Any CPU
		{37003B40-B113-4D9D-A648-8261B84012AB}.Debug|Any CPU.Build.0 = Debug|Any CPU
		{37003B40-B113-4D9D-A648-8261B84012AB}.Release|Any CPU.ActiveCfg = Release|Any CPU
		{37003B40-B113-4D9D-A648-8261B84012AB}.Release|Any CPU.Build.0 = Release|Any CPU
	EndGlobalSection
	GlobalSection(SolutionProperties) = preSolution
		HideSolutionNode = FALSE
	EndGlobalSection
	GlobalSection(ExtensibilityGlobals) = postSolution
		SolutionGuid = {FAD27104-6CD6-4EF7-85BB-38DC72A1AB1B}
	EndGlobalSection
EndGlobal
